
Microsoft Visual Studio Solution File, Format Version 12.00
# Visual Studio Version 17
VisualStudioVersion = 17.8.34511.84
MinimumVisualStudioVersion = 10.0.40219.1
Project("{FAE04EC0-301F-11D3-BF4B-00C04F79EFBC}") = "PropertyField", "PropertyField\PropertyField.csproj", "{B36ADE09-1CA2-408F-9796-5040669902A2}"
EndProject
Global
	GlobalSection(SolutionConfigurationPlatforms) = preSolution
		Debug|Any CPU = Debug|Any CPU
		Release|Any CPU = Release|Any CPU
	EndGlobalSection
	GlobalSection(ProjectConfigurationPlatforms) = postSolution
		{B36ADE09-1CA2-408F-9796-5040669902A2}.Debug|Any CPU.ActiveCfg = Debug|Any CPU
		{B36ADE09-1CA2-408F-9796-5040669902A2}.Debug|Any CPU.Build.0 = Debug|Any CPU
		{B36ADE09-1CA2-408F-9796-5040669902A2}.Release|Any CPU.ActiveCfg = Release|Any CPU
		{B36ADE09-1CA2-408F-9796-5040669902A2}.Release|Any CPU.Build.0 = Release|Any CPU
	EndGlobalSection
	GlobalSection(SolutionProperties) = preSolution
		HideSolutionNode = FALSE
	EndGlobalSection
	GlobalSection(ExtensibilityGlobals) = postSolution
		SolutionGuid = {FE2E4ED5-4C05-41E0-9DE1-12A7CDF5FF4A}
	EndGlobalSection
EndGlobal
